// !$*UTF8*$!
{
	archiveVersion = 1;
	classes = {
	};
	objectVersion = 46;
	objects = {

/* Begin PBXBuildFile section */
		0ED752581A369B2200785A74 /* main.m in Sources */ = {isa = PBXBuildFile; fileRef = 0ED752571A369B2200785A74 /* main.m */; };
		0ED7525B1A369B2300785A74 /* AppDelegate.m in Sources */ = {isa = PBXBuildFile; fileRef = 0ED7525A1A369B2300785A74 /* AppDelegate.m */; };
		0ED7525E1A369B2400785A74 /* ViewController.m in Sources */ = {isa = PBXBuildFile; fileRef = 0ED7525D1A369B2400785A74 /* ViewController.m */; };
		0ED752631A369B2500785A74 /* Images.xcassets in Resources */ = {isa = PBXBuildFile; fileRef = 0ED752621A369B2500785A74 /* Images.xcassets */; };
		0ED752661A369B2500785A74 /* LaunchScreen.xib in Resources */ = {isa = PBXBuildFile; fileRef = 0ED752641A369B2500785A74 /* LaunchScreen.xib */; };
		0ED752721A369B2600785A74 /* MagizProductTests.m in Sources */ = {isa = PBXBuildFile; fileRef = 0ED752711A369B2600785A74 /* MagizProductTests.m */; };
		0ED752851A369EFD00785A74 /* new.mp4 in Resources */ = {isa = PBXBuildFile; fileRef = 0ED7527D1A369EFD00785A74 /* new.mp4 */; };
		0ED752861A369EFD00785A74 /* product_list.png in Resources */ = {isa = PBXBuildFile; fileRef = 0ED7527E1A369EFD00785A74 /* product_list.png */; };
		0ED752871A369EFD00785A74 /* product_properity.png in Resources */ = {isa = PBXBuildFile; fileRef = 0ED7527F1A369EFD00785A74 /* product_properity.png */; };
		0ED752881A369EFD00785A74 /* product_dongxiang.png in Resources */ = {isa = PBXBuildFile; fileRef = 0ED752801A369EFD00785A74 /* product_dongxiang.png */; };
		0ED752891A369EFD00785A74 /* bg.png in Resources */ = {isa = PBXBuildFile; fileRef = 0ED752811A369EFD00785A74 /* bg.png */; };
		0ED7528A1A369EFD00785A74 /* main.png in Resources */ = {isa = PBXBuildFile; fileRef = 0ED752821A369EFD00785A74 /* main.png */; };
		0ED7528B1A369EFD00785A74 /* product_history.png in Resources */ = {isa = PBXBuildFile; fileRef = 0ED752831A369EFD00785A74 /* product_history.png */; };
		0ED7528C1A369EFD00785A74 /* product_method.png in Resources */ = {isa = PBXBuildFile; fileRef = 0ED752841A369EFD00785A74 /* product_method.png */; };
		0ED7528F1A36A08800785A74 /* CABasicAnimation+someAniForProp.m in Sources */ = {isa = PBXBuildFile; fileRef = 0ED7528E1A36A08800785A74 /* CABasicAnimation+someAniForProp.m */; };
		0ED752911A36A0A200785A74 /* QuartzCore.framework in Frameworks */ = {isa = PBXBuildFile; fileRef = 0ED752901A36A0A200785A74 /* QuartzCore.framework */; };
		0ED752951A36A30700785A74 /* AudioToolbox.framework in Frameworks */ = {isa = PBXBuildFile; fileRef = 0ED752941A36A30700785A74 /* AudioToolbox.framework */; };
		0ED752971A36A30D00785A74 /* CoreAudio.framework in Frameworks */ = {isa = PBXBuildFile; fileRef = 0ED752961A36A30D00785A74 /* CoreAudio.framework */; };
		0ED752991A36A31900785A74 /* MediaPlayer.framework in Frameworks */ = {isa = PBXBuildFile; fileRef = 0ED752981A36A31900785A74 /* MediaPlayer.framework */; };
		0ED7529D1A36A8B500785A74 /* method.mp4 in Resources */ = {isa = PBXBuildFile; fileRef = 0ED7529C1A36A8B500785A74 /* method.mp4 */; };
		0ED752A01A36D25200785A74 /* JFPlayMovieViewController.m in Sources */ = {isa = PBXBuildFile; fileRef = 0ED7529F1A36D25200785A74 /* JFPlayMovieViewController.m */; };
		0ED752A41A36D6BE00785A74 /* ViewController.xib in Resources */ = {isa = PBXBuildFile; fileRef = 0ED752A31A36D6BE00785A74 /* ViewController.xib */; };
		0ED752A81A36DAA600785A74 /* JFBrandViewController.m in Sources */ = {isa = PBXBuildFile; fileRef = 0ED752A61A36DAA500785A74 /* JFBrandViewController.m */; };
		0ED752A91A36DAA600785A74 /* JFBrandViewController.xib in Resources */ = {isa = PBXBuildFile; fileRef = 0ED752A71A36DAA600785A74 /* JFBrandViewController.xib */; };
		0ED752B41A36DC7000785A74 /* brand1.png in Resources */ = {isa = PBXBuildFile; fileRef = 0ED752AC1A36DC7000785A74 /* brand1.png */; };
		0ED752B61A36DC7000785A74 /* brand2.png in Resources */ = {isa = PBXBuildFile; fileRef = 0ED752AE1A36DC7000785A74 /* brand2.png */; };
		0ED752B81A36DC7000785A74 /* brand3.png in Resources */ = {isa = PBXBuildFile; fileRef = 0ED752B01A36DC7000785A74 /* brand3.png */; };
		0ED752B91A36DC7000785A74 /* directory.png in Resources */ = {isa = PBXBuildFile; fileRef = 0ED752B11A36DC7000785A74 /* directory.png */; };
		0ED752BA1A36DC7000785A74 /* back.png in Resources */ = {isa = PBXBuildFile; fileRef = 0ED752B21A36DC7000785A74 /* back.png */; };
		0EE53CC71A36EEA3000EB237 /* property1.png in Resources */ = {isa = PBXBuildFile; fileRef = 0EE53CC41A36EEA3000EB237 /* property1.png */; };
		0EE53CC81A36EEA3000EB237 /* property2.png in Resources */ = {isa = PBXBuildFile; fileRef = 0EE53CC51A36EEA3000EB237 /* property2.png */; };
		0EE53CC91A36EEA3000EB237 /* property3.png in Resources */ = {isa = PBXBuildFile; fileRef = 0EE53CC61A36EEA3000EB237 /* property3.png */; };
		0EE53CCB1A36FABE000EB237 /* product_list_detail.png in Resources */ = {isa = PBXBuildFile; fileRef = 0EE53CCA1A36FABE000EB237 /* product_list_detail.png */; };
		0EE53CCF1A36FAFF000EB237 /* JFScrollViewController.m in Sources */ = {isa = PBXBuildFile; fileRef = 0EE53CCD1A36FAFF000EB237 /* JFScrollViewController.m */; };
		0EE53CD01A36FAFF000EB237 /* JFScrollViewController.xib in Resources */ = {isa = PBXBuildFile; fileRef = 0EE53CCE1A36FAFF000EB237 /* JFScrollViewController.xib */; };
/* End PBXBuildFile section */

/* Begin PBXContainerItemProxy section */
		0ED7526C1A369B2500785A74 /* PBXContainerItemProxy */ = {
			isa = PBXContainerItemProxy;
			containerPortal = 0ED7524A1A369B2100785A74 /* Project object */;
			proxyType = 1;
			remoteGlobalIDString = 0ED752511A369B2100785A74;
			remoteInfo = MagizProduct;
		};
/* End PBXContainerItemProxy section */

/* Begin PBXFileReference section */
		0ED752521A369B2100785A74 /* MagizProduct.app */ = {isa = PBXFileReference; explicitFileType = wrapper.application; includeInIndex = 0; path = MagizProduct.app; sourceTree = BUILT_PRODUCTS_DIR; };
		0ED752561A369B2200785A74 /* Info.plist */ = {isa = PBXFileReference; lastKnownFileType = text.plist.xml; path = Info.plist; sourceTree = "<group>"; };
		0ED752571A369B2200785A74 /* main.m */ = {isa = PBXFileReference; lastKnownFileType = sourcecode.c.objc; path = main.m; sourceTree = "<group>"; };
		0ED752591A369B2300785A74 /* AppDelegate.h */ = {isa = PBXFileReference; lastKnownFileType = sourcecode.c.h; path = AppDelegate.h; sourceTree = "<group>"; };
		0ED7525A1A369B2300785A74 /* AppDelegate.m */ = {isa = PBXFileReference; lastKnownFileType = sourcecode.c.objc; path = AppDelegate.m; sourceTree = "<group>"; };
		0ED7525C1A369B2300785A74 /* ViewController.h */ = {isa = PBXFileReference; lastKnownFileType = sourcecode.c.h; path = ViewController.h; sourceTree = "<group>"; };
		0ED7525D1A369B2400785A74 /* ViewController.m */ = {isa = PBXFileReference; lastKnownFileType = sourcecode.c.objc; path = ViewController.m; sourceTree = "<group>"; };
		0ED752621A369B2500785A74 /* Images.xcassets */ = {isa = PBXFileReference; lastKnownFileType = folder.assetcatalog; path = Images.xcassets; sourceTree = "<group>"; };
		0ED752651A369B2500785A74 /* Base */ = {isa = PBXFileReference; lastKnownFileType = file.xib; name = Base; path = Base.lproj/LaunchScreen.xib; sourceTree = "<group>"; };
		0ED7526B1A369B2500785A74 /* MagizProductTests.xctest */ = {isa = PBXFileReference; explicitFileType = wrapper.cfbundle; includeInIndex = 0; path = MagizProductTests.xctest; sourceTree = BUILT_PRODUCTS_DIR; };
		0ED752701A369B2600785A74 /* Info.plist */ = {isa = PBXFileReference; lastKnownFileType = text.plist.xml; path = Info.plist; sourceTree = "<group>"; };
		0ED752711A369B2600785A74 /* MagizProductTests.m */ = {isa = PBXFileReference; lastKnownFileType = sourcecode.c.objc; path = MagizProductTests.m; sourceTree = "<group>"; };
		0ED7527D1A369EFD00785A74 /* new.mp4 */ = {isa = PBXFileReference; lastKnownFileType = file; path = new.mp4; sourceTree = "<group>"; };
		0ED7527E1A369EFD00785A74 /* product_list.png */ = {isa = PBXFileReference; lastKnownFileType = image.png; path = product_list.png; sourceTree = "<group>"; };
		0ED7527F1A369EFD00785A74 /* product_properity.png */ = {isa = PBXFileReference; lastKnownFileType = image.png; path = product_properity.png; sourceTree = "<group>"; };
		0ED752801A369EFD00785A74 /* product_dongxiang.png */ = {isa = PBXFileReference; lastKnownFileType = image.png; path = product_dongxiang.png; sourceTree = "<group>"; };
		0ED752811A369EFD00785A74 /* bg.png */ = {isa = PBXFileReference; lastKnownFileType = image.png; path = bg.png; sourceTree = "<group>"; };
		0ED752821A369EFD00785A74 /* main.png */ = {isa = PBXFileReference; lastKnownFileType = image.png; path = main.png; sourceTree = "<group>"; };
		0ED752831A369EFD00785A74 /* product_history.png */ = {isa = PBXFileReference; lastKnownFileType = image.png; path = product_history.png; sourceTree = "<group>"; };
		0ED752841A369EFD00785A74 /* product_method.png */ = {isa = PBXFileReference; lastKnownFileType = image.png; path = product_method.png; sourceTree = "<group>"; };
		0ED7528D1A36A08800785A74 /* CABasicAnimation+someAniForProp.h */ = {isa = PBXFileReference; fileEncoding = 4; lastKnownFileType = sourcecode.c.h; path = "CABasicAnimation+someAniForProp.h"; sourceTree = "<group>"; };
		0ED7528E1A36A08800785A74 /* CABasicAnimation+someAniForProp.m */ = {isa = PBXFileReference; fileEncoding = 4; lastKnownFileType = sourcecode.c.objc; path = "CABasicAnimation+someAniForProp.m"; sourceTree = "<group>"; };
		0ED752901A36A0A200785A74 /* QuartzCore.framework */ = {isa = PBXFileReference; lastKnownFileType = wrapper.framework; name = QuartzCore.framework; path = System/Library/Frameworks/QuartzCore.framework; sourceTree = SDKROOT; };
		0ED752941A36A30700785A74 /* AudioToolbox.framework */ = {isa = PBXFileReference; lastKnownFileType = wrapper.framework; name = AudioToolbox.framework; path = System/Library/Frameworks/AudioToolbox.framework; sourceTree = SDKROOT; };
		0ED752961A36A30D00785A74 /* CoreAudio.framework */ = {isa = PBXFileReference; lastKnownFileType = wrapper.framework; name = CoreAudio.framework; path = System/Library/Frameworks/CoreAudio.framework; sourceTree = SDKROOT; };
		0ED752981A36A31900785A74 /* MediaPlayer.framework */ = {isa = PBXFileReference; lastKnownFileType = wrapper.framework; name = MediaPlayer.framework; path = System/Library/Frameworks/MediaPlayer.framework; sourceTree = SDKROOT; };
		0ED7529C1A36A8B500785A74 /* method.mp4 */ = {isa = PBXFileReference; lastKnownFileType = file; path = method.mp4; sourceTree = "<group>"; };
		0ED7529E1A36D25200785A74 /* JFPlayMovieViewController.h */ = {isa = PBXFileReference; fileEncoding = 4; lastKnownFileType = sourcecode.c.h; path = JFPlayMovieViewController.h; sourceTree = "<group>"; };
		0ED7529F1A36D25200785A74 /* JFPlayMovieViewController.m */ = {isa = PBXFileReference; fileEncoding = 4; lastKnownFileType = sourcecode.c.objc; path = JFPlayMovieViewController.m; sourceTree = "<group>"; };
		0ED752A31A36D6BE00785A74 /* ViewController.xib */ = {isa = PBXFileReference; fileEncoding = 4; lastKnownFileType = file.xib; path = ViewController.xib; sourceTree = "<group>"; };
		0ED752A51A36DAA500785A74 /* JFBrandViewController.h */ = {isa = PBXFileReference; fileEncoding = 4; lastKnownFileType = sourcecode.c.h; path = JFBrandViewController.h; sourceTree = "<group>"; };
		0ED752A61A36DAA500785A74 /* JFBrandViewController.m */ = {isa = PBXFileReference; fileEncoding = 4; lastKnownFileType = sourcecode.c.objc; path = JFBrandViewController.m; sourceTree = "<group>"; };
		0ED752A71A36DAA600785A74 /* JFBrandViewController.xib */ = {isa = PBXFileReference; fileEncoding = 4; lastKnownFileType = file.xib; path = JFBrandViewController.xib; sourceTree = "<group>"; };
		0ED752AC1A36DC7000785A74 /* brand1.png */ = {isa = PBXFileReference; lastKnownFileType = image.png; path = brand1.png; sourceTree = "<group>"; };
		0ED752AE1A36DC7000785A74 /* brand2.png */ = {isa = PBXFileReference; lastKnownFileType = image.png; path = brand2.png; sourceTree = "<group>"; };
		0ED752B01A36DC7000785A74 /* brand3.png */ = {isa = PBXFileReference; lastKnownFileType = image.png; path = brand3.png; sourceTree = "<group>"; };
		0ED752B11A36DC7000785A74 /* directory.png */ = {isa = PBXFileReference; lastKnownFileType = image.png; path = directory.png; sourceTree = "<group>"; };
		0ED752B21A36DC7000785A74 /* back.png */ = {isa = PBXFileReference; lastKnownFileType = image.png; path = back.png; sourceTree = "<group>"; };
		0EE53CC41A36EEA3000EB237 /* property1.png */ = {isa = PBXFileReference; lastKnownFileType = image.png; path = property1.png; sourceTree = "<group>"; };
		0EE53CC51A36EEA3000EB237 /* property2.png */ = {isa = PBXFileReference; lastKnownFileType = image.png; path = property2.png; sourceTree = "<group>"; };
		0EE53CC61A36EEA3000EB237 /* property3.png */ = {isa = PBXFileReference; lastKnownFileType = image.png; path = property3.png; sourceTree = "<group>"; };
		0EE53CCA1A36FABE000EB237 /* product_list_detail.png */ = {isa = PBXFileReference; lastKnownFileType = image.png; path = product_list_detail.png; sourceTree = "<group>"; };
		0EE53CCC1A36FAFF000EB237 /* JFScrollViewController.h */ = {isa = PBXFileReference; fileEncoding = 4; lastKnownFileType = sourcecode.c.h; path = JFScrollViewController.h; sourceTree = "<group>"; };
		0EE53CCD1A36FAFF000EB237 /* JFScrollViewController.m */ = {isa = PBXFileReference; fileEncoding = 4; lastKnownFileType = sourcecode.c.objc; path = JFScrollViewController.m; sourceTree = "<group>"; };
		0EE53CCE1A36FAFF000EB237 /* JFScrollViewController.xib */ = {isa = PBXFileReference; fileEncoding = 4; lastKnownFileType = file.xib; path = JFScrollViewController.xib; sourceTree = "<group>"; };
/* End PBXFileReference section */

/* Begin PBXFrameworksBuildPhase section */
		0ED7524F1A369B2100785A74 /* Frameworks */ = {
			isa = PBXFrameworksBuildPhase;
			buildActionMask = 2147483647;
			files = (
				0ED752991A36A31900785A74 /* MediaPlayer.framework in Frameworks */,
				0ED752971A36A30D00785A74 /* CoreAudio.framework in Frameworks */,
				0ED752951A36A30700785A74 /* AudioToolbox.framework in Frameworks */,
				0ED752911A36A0A200785A74 /* QuartzCore.framework in Frameworks */,
			);
			runOnlyForDeploymentPostprocessing = 0;
		};
		0ED752681A369B2500785A74 /* Frameworks */ = {
			isa = PBXFrameworksBuildPhase;
			buildActionMask = 2147483647;
			files = (
			);
			runOnlyForDeploymentPostprocessing = 0;
		};
/* End PBXFrameworksBuildPhase section */

/* Begin PBXGroup section */
		0ED752491A369B2100785A74 = {
			isa = PBXGroup;
			children = (
				0ED752541A369B2100785A74 /* MagizProduct */,
				0ED7526E1A369B2500785A74 /* MagizProductTests */,
				0ED752531A369B2100785A74 /* Products */,
			);
			sourceTree = "<group>";
		};
		0ED752531A369B2100785A74 /* Products */ = {
			isa = PBXGroup;
			children = (
				0ED752521A369B2100785A74 /* MagizProduct.app */,
				0ED7526B1A369B2500785A74 /* MagizProductTests.xctest */,
			);
			name = Products;
			sourceTree = "<group>";
		};
		0ED752541A369B2100785A74 /* MagizProduct */ = {
			isa = PBXGroup;
			children = (
				0ED752591A369B2300785A74 /* AppDelegate.h */,
				0ED7525A1A369B2300785A74 /* AppDelegate.m */,
				0ED7525C1A369B2300785A74 /* ViewController.h */,
				0ED7525D1A369B2400785A74 /* ViewController.m */,
				0ED752A31A36D6BE00785A74 /* ViewController.xib */,
				0ED7528D1A36A08800785A74 /* CABasicAnimation+someAniForProp.h */,
				0ED7528E1A36A08800785A74 /* CABasicAnimation+someAniForProp.m */,
				0ED7529E1A36D25200785A74 /* JFPlayMovieViewController.h */,
				0ED7529F1A36D25200785A74 /* JFPlayMovieViewController.m */,
				0EE53CCC1A36FAFF000EB237 /* JFScrollViewController.h */,
				0EE53CCD1A36FAFF000EB237 /* JFScrollViewController.m */,
				0EE53CCE1A36FAFF000EB237 /* JFScrollViewController.xib */,
				0ED752A51A36DAA500785A74 /* JFBrandViewController.h */,
				0ED752A61A36DAA500785A74 /* JFBrandViewController.m */,
				0ED752A71A36DAA600785A74 /* JFBrandViewController.xib */,
				0ED7527D1A369EFD00785A74 /* new.mp4 */,
				0ED7529C1A36A8B500785A74 /* method.mp4 */,
				0ED752621A369B2500785A74 /* Images.xcassets */,
				0ED7527E1A369EFD00785A74 /* product_list.png */,
				0ED7527F1A369EFD00785A74 /* product_properity.png */,
				0ED752801A369EFD00785A74 /* product_dongxiang.png */,
				0ED752811A369EFD00785A74 /* bg.png */,
				0ED752821A369EFD00785A74 /* main.png */,
				0EE53CCA1A36FABE000EB237 /* product_list_detail.png */,
				0EE53CC31A36EEA3000EB237 /* property */,
				0ED752AA1A36DC7000785A74 /* brand */,
				0ED752831A369EFD00785A74 /* product_history.png */,
				0ED752841A369EFD00785A74 /* product_method.png */,
				0ED752641A369B2500785A74 /* LaunchScreen.xib */,
				0ED752551A369B2200785A74 /* Supporting Files */,
			);
			path = MagizProduct;
			sourceTree = "<group>";
		};
		0ED752551A369B2200785A74 /* Supporting Files */ = {
			isa = PBXGroup;
			children = (
				0ED752561A369B2200785A74 /* Info.plist */,
				0ED752571A369B2200785A74 /* main.m */,
			);
			name = "Supporting Files";
			sourceTree = "<group>";
		};
		0ED7526E1A369B2500785A74 /* MagizProductTests */ = {
			isa = PBXGroup;
			children = (
				0ED752711A369B2600785A74 /* MagizProductTests.m */,
				0ED7526F1A369B2600785A74 /* Supporting Files */,
			);
			path = MagizProductTests;
			sourceTree = "<group>";
		};
		0ED7526F1A369B2600785A74 /* Supporting Files */ = {
			isa = PBXGroup;
			children = (
				0ED752981A36A31900785A74 /* MediaPlayer.framework */,
				0ED752961A36A30D00785A74 /* CoreAudio.framework */,
				0ED752941A36A30700785A74 /* AudioToolbox.framework */,
				0ED752901A36A0A200785A74 /* QuartzCore.framework */,
				0ED752701A369B2600785A74 /* Info.plist */,
			);
			name = "Supporting Files";
			sourceTree = "<group>";
		};
		0ED752AA1A36DC7000785A74 /* brand */ = {
			isa = PBXGroup;
			children = (
				0ED752AC1A36DC7000785A74 /* brand1.png */,
				0ED752AE1A36DC7000785A74 /* brand2.png */,
				0ED752B01A36DC7000785A74 /* brand3.png */,
				0ED752B11A36DC7000785A74 /* directory.png */,
				0ED752B21A36DC7000785A74 /* back.png */,
			);
			path = brand;
			sourceTree = "<group>";
		};
		0EE53CC31A36EEA3000EB237 /* property */ = {
			isa = PBXGroup;
			children = (
				0EE53CC41A36EEA3000EB237 /* property1.png */,
				0EE53CC51A36EEA3000EB237 /* property2.png */,
				0EE53CC61A36EEA3000EB237 /* property3.png */,
			);
			path = property;
			sourceTree = "<group>";
		};
/* End PBXGroup section */

/* Begin PBXNativeTarget section */
		0ED752511A369B2100785A74 /* MagizProduct */ = {
			isa = PBXNativeTarget;
			buildConfigurationList = 0ED752751A369B2600785A74 /* Build configuration list for PBXNativeTarget "MagizProduct" */;
			buildPhases = (
				0ED7524E1A369B2100785A74 /* Sources */,
				0ED7524F1A369B2100785A74 /* Frameworks */,
				0ED752501A369B2100785A74 /* Resources */,
			);
			buildRules = (
			);
			dependencies = (
			);
			name = MagizProduct;
			productName = MagizProduct;
			productReference = 0ED752521A369B2100785A74 /* MagizProduct.app */;
			productType = "com.apple.product-type.application";
		};
		0ED7526A1A369B2500785A74 /* MagizProductTests */ = {
			isa = PBXNativeTarget;
			buildConfigurationList = 0ED752781A369B2600785A74 /* Build configuration list for PBXNativeTarget "MagizProductTests" */;
			buildPhases = (
				0ED752671A369B2500785A74 /* Sources */,
				0ED752681A369B2500785A74 /* Frameworks */,
				0ED752691A369B2500785A74 /* Resources */,
			);
			buildRules = (
			);
			dependencies = (
				0ED7526D1A369B2500785A74 /* PBXTargetDependency */,
			);
			name = MagizProductTests;
			productName = MagizProductTests;
			productReference = 0ED7526B1A369B2500785A74 /* MagizProductTests.xctest */;
			productType = "com.apple.product-type.bundle.unit-test";
		};
/* End PBXNativeTarget section */

/* Begin PBXProject section */
		0ED7524A1A369B2100785A74 /* Project object */ = {
			isa = PBXProject;
			attributes = {
				LastUpgradeCheck = 0610;
				ORGANIZATIONNAME = jingfuran;
				TargetAttributes = {
					0ED752511A369B2100785A74 = {
						CreatedOnToolsVersion = 6.1.1;
					};
					0ED7526A1A369B2500785A74 = {
						CreatedOnToolsVersion = 6.1.1;
						TestTargetID = 0ED752511A369B2100785A74;
					};
				};
			};
			buildConfigurationList = 0ED7524D1A369B2100785A74 /* Build configuration list for PBXProject "MagizProduct" */;
			compatibilityVersion = "Xcode 3.2";
			developmentRegion = English;
			hasScannedForEncodings = 0;
			knownRegions = (
				en,
				Base,
			);
			mainGroup = 0ED752491A369B2100785A74;
			productRefGroup = 0ED752531A369B2100785A74 /* Products */;
			projectDirPath = "";
			projectRoot = "";
			targets = (
				0ED752511A369B2100785A74 /* MagizProduct */,
				0ED7526A1A369B2500785A74 /* MagizProductTests */,
			);
		};
/* End PBXProject section */

/* Begin PBXResourcesBuildPhase section */
		0ED752501A369B2100785A74 /* Resources */ = {
			isa = PBXResourcesBuildPhase;
			buildActionMask = 2147483647;
			files = (
				0ED752B91A36DC7000785A74 /* directory.png in Resources */,
				0ED7529D1A36A8B500785A74 /* method.mp4 in Resources */,
				0ED752861A369EFD00785A74 /* product_list.png in Resources */,
				0ED752B61A36DC7000785A74 /* brand2.png in Resources */,
				0ED752A91A36DAA600785A74 /* JFBrandViewController.xib in Resources */,
				0ED752881A369EFD00785A74 /* product_dongxiang.png in Resources */,
				0ED752B41A36DC7000785A74 /* brand1.png in Resources */,
				0ED7528C1A369EFD00785A74 /* product_method.png in Resources */,
				0EE53CC81A36EEA3000EB237 /* property2.png in Resources */,
				0ED752A41A36D6BE00785A74 /* ViewController.xib in Resources */,
				0EE53CD01A36FAFF000EB237 /* JFScrollViewController.xib in Resources */,
				0EE53CC71A36EEA3000EB237 /* property1.png in Resources */,
				0ED7528A1A369EFD00785A74 /* main.png in Resources */,
				0ED752891A369EFD00785A74 /* bg.png in Resources */,
				0EE53CCB1A36FABE000EB237 /* product_list_detail.png in Resources */,
				0ED7528B1A369EFD00785A74 /* product_history.png in Resources */,
				0EE53CC91A36EEA3000EB237 /* property3.png in Resources */,
				0ED752B81A36DC7000785A74 /* brand3.png in Resources */,
				0ED752661A369B2500785A74 /* LaunchScreen.xib in Resources */,
				0ED752BA1A36DC7000785A74 /* back.png in Resources */,
				0ED752631A369B2500785A74 /* Images.xcassets in Resources */,
				0ED752851A369EFD00785A74 /* new.mp4 in Resources */,
				0ED752871A369EFD00785A74 /* product_properity.png in Resources */,
			);
			runOnlyForDeploymentPostprocessing = 0;
		};
		0ED752691A369B2500785A74 /* Resources */ = {
			isa = PBXResourcesBuildPhase;
			buildActionMask = 2147483647;
			files = (
			);
			runOnlyForDeploymentPostprocessing = 0;
		};
/* End PBXResourcesBuildPhase section */

/* Begin PBXSourcesBuildPhase section */
		0ED7524E1A369B2100785A74 /* Sources */ = {
			isa = PBXSourcesBuildPhase;
			buildActionMask = 2147483647;
			files = (
				0ED7525E1A369B2400785A74 /* ViewController.m in Sources */,
				0ED752A01A36D25200785A74 /* JFPlayMovieViewController.m in Sources */,
				0ED752A81A36DAA600785A74 /* JFBrandViewController.m in Sources */,
				0EE53CCF1A36FAFF000EB237 /* JFScrollViewController.m in Sources */,
				0ED7525B1A369B2300785A74 /* AppDelegate.m in Sources */,
				0ED752581A369B2200785A74 /* main.m in Sources */,
				0ED7528F1A36A08800785A74 /* CABasicAnimation+someAniForProp.m in Sources */,
			);
			runOnlyForDeploymentPostprocessing = 0;
		};
		0ED752671A369B2500785A74 /* Sources */ = {
			isa = PBXSourcesBuildPhase;
			buildActionMask = 2147483647;
			files = (
				0ED752721A369B2600785A74 /* MagizProductTests.m in Sources */,
			);
			runOnlyForDeploymentPostprocessing = 0;
		};
/* End PBXSourcesBuildPhase section */

/* Begin PBXTargetDependency section */
		0ED7526D1A369B2500785A74 /* PBXTargetDependency */ = {
			isa = PBXTargetDependency;
			target = 0ED752511A369B2100785A74 /* MagizProduct */;
			targetProxy = 0ED7526C1A369B2500785A74 /* PBXContainerItemProxy */;
		};
/* End PBXTargetDependency section */

/* Begin PBXVariantGroup section */
		0ED752641A369B2500785A74 /* LaunchScreen.xib */ = {
			isa = PBXVariantGroup;
			children = (
				0ED752651A369B2500785A74 /* Base */,
			);
			name = LaunchScreen.xib;
			sourceTree = "<group>";
		};
/* End PBXVariantGroup section */

/* Begin XCBuildConfiguration section */
		0ED752731A369B2600785A74 /* Debug */ = {
			isa = XCBuildConfiguration;
			buildSettings = {
				ALWAYS_SEARCH_USER_PATHS = NO;
				CLANG_CXX_LANGUAGE_STANDARD = "gnu++0x";
				CLANG_CXX_LIBRARY = "libc++";
				CLANG_ENABLE_MODULES = YES;
				CLANG_ENABLE_OBJC_ARC = YES;
				CLANG_WARN_BOOL_CONVERSION = YES;
				CLANG_WARN_CONSTANT_CONVERSION = YES;
				CLANG_WARN_DIRECT_OBJC_ISA_USAGE = YES_ERROR;
				CLANG_WARN_EMPTY_BODY = YES;
				CLANG_WARN_ENUM_CONVERSION = YES;
				CLANG_WARN_INT_CONVERSION = YES;
				CLANG_WARN_OBJC_ROOT_CLASS = YES_ERROR;
				CLANG_WARN_UNREACHABLE_CODE = YES;
				CLANG_WARN__DUPLICATE_METHOD_MATCH = YES;
				"CODE_SIGN_IDENTITY[sdk=iphoneos*]" = "iPhone Developer";
				COPY_PHASE_STRIP = NO;
				ENABLE_STRICT_OBJC_MSGSEND = YES;
				GCC_C_LANGUAGE_STANDARD = gnu99;
				GCC_DYNAMIC_NO_PIC = NO;
				GCC_OPTIMIZATION_LEVEL = 0;
				GCC_PREPROCESSOR_DEFINITIONS = (
					"DEBUG=1",
					"$(inherited)",
				);
				GCC_SYMBOLS_PRIVATE_EXTERN = NO;
				GCC_WARN_64_TO_32_BIT_CONVERSION = YES;
				GCC_WARN_ABOUT_RETURN_TYPE = YES_ERROR;
				GCC_WARN_UNDECLARED_SELECTOR = YES;
				GCC_WARN_UNINITIALIZED_AUTOS = YES_AGGRESSIVE;
				GCC_WARN_UNUSED_FUNCTION = YES;
				GCC_WARN_UNUSED_VARIABLE = YES;
				IPHONEOS_DEPLOYMENT_TARGET = 8.1;
				MTL_ENABLE_DEBUG_INFO = YES;
				ONLY_ACTIVE_ARCH = YES;
				SDKROOT = iphoneos;
			};
			name = Debug;
		};
		0ED752741A369B2600785A74 /* Release */ = {
			isa = XCBuildConfiguration;
			buildSettings = {
				ALWAYS_SEARCH_USER_PATHS = NO;
				CLANG_CXX_LANGUAGE_STANDARD = "gnu++0x";
				CLANG_CXX_LIBRARY = "libc++";
				CLANG_ENABLE_MODULES = YES;
				CLANG_ENABLE_OBJC_ARC = YES;
				CLANG_WARN_BOOL_CONVERSION = YES;
				CLANG_WARN_CONSTANT_CONVERSION = YES;
				CLANG_WARN_DIRECT_OBJC_ISA_USAGE = YES_ERROR;
				CLANG_WARN_EMPTY_BODY = YES;
				CLANG_WARN_ENUM_CONVERSION = YES;
				CLANG_WARN_INT_CONVERSION = YES;
				CLANG_WARN_OBJC_ROOT_CLASS = YES_ERROR;
				CLANG_WARN_UNREACHABLE_CODE = YES;
				CLANG_WARN__DUPLICATE_METHOD_MATCH = YES;
				"CODE_SIGN_IDENTITY[sdk=iphoneos*]" = "iPhone Developer";
				COPY_PHASE_STRIP = YES;
				ENABLE_NS_ASSERTIONS = NO;
				ENABLE_STRICT_OBJC_MSGSEND = YES;
				GCC_C_LANGUAGE_STANDARD = gnu99;
				GCC_WARN_64_TO_32_BIT_CONVERSION = YES;
				GCC_WARN_ABOUT_RETURN_TYPE = YES_ERROR;
				GCC_WARN_UNDECLARED_SELECTOR = YES;
				GCC_WARN_UNINITIALIZED_AUTOS = YES_AGGRESSIVE;
				GCC_WARN_UNUSED_FUNCTION = YES;
				GCC_WARN_UNUSED_VARIABLE = YES;
				IPHONEOS_DEPLOYMENT_TARGET = 8.1;
				MTL_ENABLE_DEBUG_INFO = NO;
				SDKROOT = iphoneos;
				VALIDATE_PRODUCT = YES;
			};
			name = Release;
		};
		0ED752761A369B2600785A74 /* Debug */ = {
			isa = XCBuildConfiguration;
			buildSettings = {
				ASSETCATALOG_COMPILER_APPICON_NAME = AppIcon;
				CODE_SIGN_IDENTITY = "iPhone Developer: 彦 蔡 (JCH7VB49V8)";
				INFOPLIST_FILE = MagizProduct/Info.plist;
				IPHONEOS_DEPLOYMENT_TARGET = 6.1;
				LD_RUNPATH_SEARCH_PATHS = "$(inherited) @executable_path/Frameworks";
				PRODUCT_NAME = "$(TARGET_NAME)";
				PROVISIONING_PROFILE = "dbba7862-0b36-4a36-8d53-eb2df6199e4e";
				TARGETED_DEVICE_FAMILY = 2;
			};
			name = Debug;
		};
		0ED752771A369B2600785A74 /* Release */ = {
			isa = XCBuildConfiguration;
			buildSettings = {
				ASSETCATALOG_COMPILER_APPICON_NAME = AppIcon;
				CODE_SIGN_IDENTITY = "iPhone Distribution: Irnovation";
				"CODE_SIGN_IDENTITY[sdk=iphoneos*]" = "iPhone Distribution: Irnovation";
				INFOPLIST_FILE = MagizProduct/Info.plist;
				IPHONEOS_DEPLOYMENT_TARGET = 6.1;
				LD_RUNPATH_SEARCH_PATHS = "$(inherited) @executable_path/Frameworks";
				PRODUCT_NAME = "$(TARGET_NAME)";
				PROVISIONING_PROFILE = "ff24d9b6-dce8-46fd-b982-96c22d26aaf3";
				TARGETED_DEVICE_FAMILY = 2;
			};
			name = Release;
		};
		0ED752791A369B2600785A74 /* Debug */ = {
			isa = XCBuildConfiguration;
			buildSettings = {
				BUNDLE_LOADER = "$(TEST_HOST)";
				FRAMEWORK_SEARCH_PATHS = (
					"$(SDKROOT)/Developer/Library/Frameworks",
					"$(inherited)",
				);
				GCC_PREPROCESSOR_DEFINITIONS = (
					"DEBUG=1",
					"$(inherited)",
				);
				INFOPLIST_FILE = MagizProductTests/Info.plist;
				LD_RUNPATH_SEARCH_PATHS = "$(inherited) @executable_path/Frameworks @loader_path/Frameworks";
				PRODUCT_NAME = "$(TARGET_NAME)";
				TEST_HOST = "$(BUILT_PRODUCTS_DIR)/MagizProduct.app/MagizProduct";
			};
			name = Debug;
		};
		0ED7527A1A369B2600785A74 /* Release */ = {
			isa = XCBuildConfiguration;
			buildSettings = {
				BUNDLE_LOADER = "$(TEST_HOST)";
				FRAMEWORK_SEARCH_PATHS = (
					"$(SDKROOT)/Developer/Library/Frameworks",
					"$(inherited)",
				);
				INFOPLIST_FILE = MagizProductTests/Info.plist;
				LD_RUNPATH_SEARCH_PATHS = "$(inherited) @executable_path/Frameworks @loader_path/Frameworks";
				PRODUCT_NAME = "$(TARGET_NAME)";
				TEST_HOST = "$(BUILT_PRODUCTS_DIR)/MagizProduct.app/MagizProduct";
			};
			name = Release;
		};
/* End XCBuildConfiguration section */

/* Begin XCConfigurationList section */
		0ED7524D1A369B2100785A74 /* Build configuration list for PBXProject "MagizProduct" */ = {
			isa = XCConfigurationList;
			buildConfigurations = (
				0ED752731A369B2600785A74 /* Debug */,
				0ED752741A369B2600785A74 /* Release */,
			);
			defaultConfigurationIsVisible = 0;
			defaultConfigurationName = Release;
		};
		0ED752751A369B2600785A74 /* Build configuration list for PBXNativeTarget "MagizProduct" */ = {
			isa = XCConfigurationList;
			buildConfigurations = (
				0ED752761A369B2600785A74 /* Debug */,
				0ED752771A369B2600785A74 /* Release */,
			);
			defaultConfigurationIsVisible = 0;
			defaultConfigurationName = Release;
		};
		0ED752781A369B2600785A74 /* Build configuration list for PBXNativeTarget "MagizProductTests" */ = {
			isa = XCConfigurationList;
			buildConfigurations = (
				0ED752791A369B2600785A74 /* Debug */,
				0ED7527A1A369B2600785A74 /* Release */,
			);
			defaultConfigurationIsVisible = 0;
			defaultConfigurationName = Release;
		};
/* End XCConfigurationList section */
	};
	rootObject = 0ED7524A1A369B2100785A74 /* Project object */;
}
